
Microsoft Visual Studio Solution File, Format Version 12.00
# Visual Studio 15
VisualStudioVersion = 15.0.28307.102
MinimumVisualStudioVersion = 10.0.40219.1
Project("{FAE04EC0-301F-11D3-BF4B-00C04F79EFBC}") = "CRMApp", "CRMApp\CRMApp.csproj", "{AC4B1E4F-39AF-4687-BDBF-B8C7EBEF0B7F}"
EndProject
Global
	GlobalSection(SolutionConfigurationPlatforms) = preSolution
		Debug|Any CPU = Debug|Any CPU
		Release|Any CPU = Release|Any CPU
	EndGlobalSection
	GlobalSection(ProjectConfigurationPlatforms) = postSolution
		{AC4B1E4F-39AF-4687-BDBF-B8C7EBEF0B7F}.Debug|Any CPU.ActiveCfg = Debug|Any CPU
		{AC4B1E4F-39AF-4687-BDBF-B8C7EBEF0B7F}.Debug|Any CPU.Build.0 = Debug|Any CPU
		{AC4B1E4F-39AF-4687-BDBF-B8C7EBEF0B7F}.Release|Any CPU.ActiveCfg = Release|Any CPU
		{AC4B1E4F-39AF-4687-BDBF-B8C7EBEF0B7F}.Release|Any CPU.Build.0 = Release|Any CPU
	EndGlobalSection
	GlobalSection(SolutionProperties) = preSolution
		HideSolutionNode = FALSE
	EndGlobalSection
	GlobalSection(ExtensibilityGlobals) = postSolution
		SolutionGuid = {12478E87-1E11-4927-9922-8756B53A970B}
	EndGlobalSection
EndGlobal
